// !$*UTF8*$!
{
	archiveVersion = 1;
	classes = {
	};
	objectVersion = 46;
	objects = {

/* Begin PBXBuildFile section */
		539C79DD1BCF9B2300795D61 /* AppDelegate.swift in Sources */ = {isa = PBXBuildFile; fileRef = 539C79DC1BCF9B2300795D61 /* AppDelegate.swift */; };
		539C79DF1BCF9B2300795D61 /* ViewController.swift in Sources */ = {isa = PBXBuildFile; fileRef = 539C79DE1BCF9B2300795D61 /* ViewController.swift */; };
		539C79E21BCF9B2300795D61 /* Main.storyboard in Resources */ = {isa = PBXBuildFile; fileRef = 539C79E01BCF9B2300795D61 /* Main.storyboard */; };
		539C79E51BCF9B2300795D61 /* Projekt1.xcdatamodeld in Sources */ = {isa = PBXBuildFile; fileRef = 539C79E31BCF9B2300795D61 /* Projekt1.xcdatamodeld */; };
		539C79E71BCF9B2300795D61 /* Assets.xcassets in Resources */ = {isa = PBXBuildFile; fileRef = 539C79E61BCF9B2300795D61 /* Assets.xcassets */; };
		539C79EA1BCF9B2300795D61 /* LaunchScreen.storyboard in Resources */ = {isa = PBXBuildFile; fileRef = 539C79E81BCF9B2300795D61 /* LaunchScreen.storyboard */; };
/* End PBXBuildFile section */

/* Begin PBXFileReference section */
		539C79D91BCF9B2300795D61 /* Projekt1.app */ = {isa = PBXFileReference; explicitFileType = wrapper.application; includeInIndex = 0; path = Projekt1.app; sourceTree = BUILT_PRODUCTS_DIR; };
		539C79DC1BCF9B2300795D61 /* AppDelegate.swift */ = {isa = PBXFileReference; lastKnownFileType = sourcecode.swift; path = AppDelegate.swift; sourceTree = "<group>"; };
		539C79DE1BCF9B2300795D61 /* ViewController.swift */ = {isa = PBXFileReference; lastKnownFileType = sourcecode.swift; path = ViewController.swift; sourceTree = "<group>"; };
		539C79E11BCF9B2300795D61 /* Base */ = {isa = PBXFileReference; lastKnownFileType = file.storyboard; name = Base; path = Base.lproj/Main.storyboard; sourceTree = "<group>"; };
		539C79E41BCF9B2300795D61 /* Projekt1.xcdatamodel */ = {isa = PBXFileReference; lastKnownFileType = wrapper.xcdatamodel; path = Projekt1.xcdatamodel; sourceTree = "<group>"; };
		539C79E61BCF9B2300795D61 /* Assets.xcassets */ = {isa = PBXFileReference; lastKnownFileType = folder.assetcatalog; path = Assets.xcassets; sourceTree = "<group>"; };
		539C79E91BCF9B2300795D61 /* Base */ = {isa = PBXFileReference; lastKnownFileType = file.storyboard; name = Base; path = Base.lproj/LaunchScreen.storyboard; sourceTree = "<group>"; };
		539C79EB1BCF9B2300795D61 /* Info.plist */ = {isa = PBXFileReference; lastKnownFileType = text.plist.xml; path = Info.plist; sourceTree = "<group>"; };
/* End PBXFileReference section */

/* Begin PBXFrameworksBuildPhase section */
		539C79D61BCF9B2300795D61 /* Frameworks */ = {
			isa = PBXFrameworksBuildPhase;
			buildActionMask = 2147483647;
			files = (
			);
			runOnlyForDeploymentPostprocessing = 0;
		};
/* End PBXFrameworksBuildPhase section */

/* Begin PBXGroup section */
		539C79D01BCF9B2300795D61 = {
			isa = PBXGroup;
			children = (
				539C79DB1BCF9B2300795D61 /* Projekt1 */,
				539C79DA1BCF9B2300795D61 /* Products */,
			);
			sourceTree = "<group>";
		};
		539C79DA1BCF9B2300795D61 /* Products */ = {
			isa = PBXGroup;
			children = (
				539C79D91BCF9B2300795D61 /* Projekt1.app */,
			);
			name = Products;
			sourceTree = "<group>";
		};
		539C79DB1BCF9B2300795D61 /* Projekt1 */ = {
			isa = PBXGroup;
			children = (
				539C79DC1BCF9B2300795D61 /* AppDelegate.swift */,
				539C79DE1BCF9B2300795D61 /* ViewController.swift */,
				539C79E01BCF9B2300795D61 /* Main.storyboard */,
				539C79E61BCF9B2300795D61 /* Assets.xcassets */,
				539C79E81BCF9B2300795D61 /* LaunchScreen.storyboard */,
				539C79EB1BCF9B2300795D61 /* Info.plist */,
				539C79E31BCF9B2300795D61 /* Projekt1.xcdatamodeld */,
			);
			path = Projekt1;
			sourceTree = "<group>";
		};
/* End PBXGroup section */

/* Begin PBXNativeTarget section */
		539C79D81BCF9B2300795D61 /* Projekt1 */ = {
			isa = PBXNativeTarget;
			buildConfigurationList = 539C79EE1BCF9B2300795D61 /* Build configuration list for PBXNativeTarget "Projekt1" */;
			buildPhases = (
				539C79D51BCF9B2300795D61 /* Sources */,
				539C79D61BCF9B2300795D61 /* Frameworks */,
				539C79D71BCF9B2300795D61 /* Resources */,
			);
			buildRules = (
			);
			dependencies = (
			);
			name = Projekt1;
			productName = Projekt1;
			productReference = 539C79D91BCF9B2300795D61 /* Projekt1.app */;
			productType = "com.apple.product-type.application";
		};
/* End PBXNativeTarget section */

/* Begin PBXProject section */
		539C79D11BCF9B2300795D61 /* Project object */ = {
			isa = PBXProject;
			attributes = {
				LastUpgradeCheck = 0700;
				ORGANIZATIONNAME = "Adam Turna";
				TargetAttributes = {
					539C79D81BCF9B2300795D61 = {
						CreatedOnToolsVersion = 7.0;
					};
				};
			};
			buildConfigurationList = 539C79D41BCF9B2300795D61 /* Build configuration list for PBXProject "Projekt1" */;
			compatibilityVersion = "Xcode 3.2";
			developmentRegion = English;
			hasScannedForEncodings = 0;
			knownRegions = (
				en,
				Base,
			);
			mainGroup = 539C79D01BCF9B2300795D61;
			productRefGroup = 539C79DA1BCF9B2300795D61 /* Products */;
			projectDirPath = "";
			projectRoot = "";
			targets = (
				539C79D81BCF9B2300795D61 /* Projekt1 */,
			);
		};
/* End PBXProject section */

/* Begin PBXResourcesBuildPhase section */
		539C79D71BCF9B2300795D61 /* Resources */ = {
			isa = PBXResourcesBuildPhase;
			buildActionMask = 2147483647;
			files = (
				539C79EA1BCF9B2300795D61 /* LaunchScreen.storyboard in Resources */,
				539C79E71BCF9B2300795D61 /* Assets.xcassets in Resources */,
				539C79E21BCF9B2300795D61 /* Main.storyboard in Resources */,
			);
			runOnlyForDeploymentPostprocessing = 0;
		};
/* End PBXResourcesBuildPhase section */

/* Begin PBXSourcesBuildPhase section */
		539C79D51BCF9B2300795D61 /* Sources */ = {
			isa = PBXSourcesBuildPhase;
			buildActionMask = 2147483647;
			files = (
				539C79E51BCF9B2300795D61 /* Projekt1.xcdatamodeld in Sources */,
				539C79DF1BCF9B2300795D61 /* ViewController.swift in Sources */,
				539C79DD1BCF9B2300795D61 /* AppDelegate.swift in Sources */,
			);
			runOnlyForDeploymentPostprocessing = 0;
		};
/* End PBXSourcesBuildPhase section */

/* Begin PBXVariantGroup section */
		539C79E01BCF9B2300795D61 /* Main.storyboard */ = {
			isa = PBXVariantGroup;
			children = (
				539C79E11BCF9B2300795D61 /* Base */,
			);
			name = Main.storyboard;
			sourceTree = "<group>";
		};
		539C79E81BCF9B2300795D61 /* LaunchScreen.storyboard */ = {
			isa = PBXVariantGroup;
			children = (
				539C79E91BCF9B2300795D61 /* Base */,
			);
			name = LaunchScreen.storyboard;
			sourceTree = "<group>";
		};
/* End PBXVariantGroup section */

/* Begin XCBuildConfiguration section */
		539C79EC1BCF9B2300795D61 /* Debug */ = {
			isa = XCBuildConfiguration;
			buildSettings = {
				ALWAYS_SEARCH_USER_PATHS = NO;
				CLANG_CXX_LANGUAGE_STANDARD = "gnu++0x";
				CLANG_CXX_LIBRARY = "libc++";
				CLANG_ENABLE_MODULES = YES;
				CLANG_ENABLE_OBJC_ARC = YES;
				CLANG_WARN_BOOL_CONVERSION = YES;
				CLANG_WARN_CONSTANT_CONVERSION = YES;
				CLANG_WARN_DIRECT_OBJC_ISA_USAGE = YES_ERROR;
				CLANG_WARN_EMPTY_BODY = YES;
				CLANG_WARN_ENUM_CONVERSION = YES;
				CLANG_WARN_INT_CONVERSION = YES;
				CLANG_WARN_OBJC_ROOT_CLASS = YES_ERROR;
				CLANG_WARN_UNREACHABLE_CODE = YES;
				CLANG_WARN__DUPLICATE_METHOD_MATCH = YES;
				"CODE_SIGN_IDENTITY[sdk=iphoneos*]" = "iPhone Developer";
				COPY_PHASE_STRIP = NO;
				DEBUG_INFORMATION_FORMAT = dwarf;
				ENABLE_STRICT_OBJC_MSGSEND = YES;
				ENABLE_TESTABILITY = YES;
				GCC_C_LANGUAGE_STANDARD = gnu99;
				GCC_DYNAMIC_NO_PIC = NO;
				GCC_NO_COMMON_BLOCKS = YES;
				GCC_OPTIMIZATION_LEVEL = 0;
				GCC_PREPROCESSOR_DEFINITIONS = (
					"DEBUG=1",
					"$(inherited)",
				);
				GCC_WARN_64_TO_32_BIT_CONVERSION = YES;
				GCC_WARN_ABOUT_RETURN_TYPE = YES_ERROR;
				GCC_WARN_UNDECLARED_SELECTOR = YES;
				GCC_WARN_UNINITIALIZED_AUTOS = YES_AGGRESSIVE;
				GCC_WARN_UNUSED_FUNCTION = YES;
				GCC_WARN_UNUSED_VARIABLE = YES;
				IPHONEOS_DEPLOYMENT_TARGET = 9.0;
				MTL_ENABLE_DEBUG_INFO = YES;
				ONLY_ACTIVE_ARCH = YES;
				SDKROOT = iphoneos;
				SWIFT_OPTIMIZATION_LEVEL = "-Onone";
			};
			name = Debug;
		};
		539C79ED1BCF9B2300795D61 /* Release */ = {
			isa = XCBuildConfiguration;
			buildSettings = {
				ALWAYS_SEARCH_USER_PATHS = NO;
				CLANG_CXX_LANGUAGE_STANDARD = "gnu++0x";
				CLANG_CXX_LIBRARY = "libc++";
				CLANG_ENABLE_MODULES = YES;
				CLANG_ENABLE_OBJC_ARC = YES;
				CLANG_WARN_BOOL_CONVERSION = YES;
				CLANG_WARN_CONSTANT_CONVERSION = YES;
				CLANG_WARN_DIRECT_OBJC_ISA_USAGE = YES_ERROR;
				CLANG_WARN_EMPTY_BODY = YES;
				CLANG_WARN_ENUM_CONVERSION = YES;
				CLANG_WARN_INT_CONVERSION = YES;
				CLANG_WARN_OBJC_ROOT_CLASS = YES_ERROR;
				CLANG_WARN_UNREACHABLE_CODE = YES;
				CLANG_WARN__DUPLICATE_METHOD_MATCH = YES;
				"CODE_SIGN_IDENTITY[sdk=iphoneos*]" = "iPhone Developer";
				COPY_PHASE_STRIP = NO;
				DEBUG_INFORMATION_FORMAT = "dwarf-with-dsym";
				ENABLE_NS_ASSERTIONS = NO;
				ENABLE_STRICT_OBJC_MSGSEND = YES;
				GCC_C_LANGUAGE_STANDARD = gnu99;
				GCC_NO_COMMON_BLOCKS = YES;
				GCC_WARN_64_TO_32_BIT_CONVERSION = YES;
				GCC_WARN_ABOUT_RETURN_TYPE = YES_ERROR;
				GCC_WARN_UNDECLARED_SELECTOR = YES;
				GCC_WARN_UNINITIALIZED_AUTOS = YES_AGGRESSIVE;
				GCC_WARN_UNUSED_FUNCTION = YES;
				GCC_WARN_UNUSED_VARIABLE = YES;
				IPHONEOS_DEPLOYMENT_TARGET = 9.0;
				MTL_ENABLE_DEBUG_INFO = NO;
				SDKROOT = iphoneos;
				VALIDATE_PRODUCT = YES;
			};
			name = Release;
		};
		539C79EF1BCF9B2300795D61 /* Debug */ = {
			isa = XCBuildConfiguration;
			buildSettings = {
				ASSETCATALOG_COMPILER_APPICON_NAME = AppIcon;
				INFOPLIST_FILE = Projekt1/Info.plist;
				LD_RUNPATH_SEARCH_PATHS = "$(inherited) @executable_path/Frameworks";
				PRODUCT_BUNDLE_IDENTIFIER = com.AT.Projekt1;
				PRODUCT_NAME = "$(TARGET_NAME)";
			};
			name = Debug;
		};
		539C79F01BCF9B2300795D61 /* Release */ = {
			isa = XCBuildConfiguration;
			buildSettings = {
				ASSETCATALOG_COMPILER_APPICON_NAME = AppIcon;
				INFOPLIST_FILE = Projekt1/Info.plist;
				LD_RUNPATH_SEARCH_PATHS = "$(inherited) @executable_path/Frameworks";
				PRODUCT_BUNDLE_IDENTIFIER = com.AT.Projekt1;
				PRODUCT_NAME = "$(TARGET_NAME)";
			};
			name = Release;
		};
/* End XCBuildConfiguration section */

/* Begin XCConfigurationList section */
		539C79D41BCF9B2300795D61 /* Build configuration list for PBXProject "Projekt1" */ = {
			isa = XCConfigurationList;
			buildConfigurations = (
				539C79EC1BCF9B2300795D61 /* Debug */,
				539C79ED1BCF9B2300795D61 /* Release */,
			);
			defaultConfigurationIsVisible = 0;
			defaultConfigurationName = Release;
		};
		539C79EE1BCF9B2300795D61 /* Build configuration list for PBXNativeTarget "Projekt1" */ = {
			isa = XCConfigurationList;
			buildConfigurations = (
				539C79EF1BCF9B2300795D61 /* Debug */,
				539C79F01BCF9B2300795D61 /* Release */,
			);
			defaultConfigurationIsVisible = 0;
		};
/* End XCConfigurationList section */

/* Begin XCVersionGroup section */
		539C79E31BCF9B2300795D61 /* Projekt1.xcdatamodeld */ = {
			isa = XCVersionGroup;
			children = (
				539C79E41BCF9B2300795D61 /* Projekt1.xcdatamodel */,
			);
			currentVersion = 539C79E41BCF9B2300795D61 /* Projekt1.xcdatamodel */;
			path = Projekt1.xcdatamodeld;
			sourceTree = "<group>";
			versionGroupType = wrapper.xcdatamodel;
		};
/* End XCVersionGroup section */
	};
	rootObject = 539C79D11BCF9B2300795D61 /* Project object */;
}
