// !$*UTF8*$!
{
	archiveVersion = 1;
	classes = {
	};
	objectVersion = 46;
	objects = {

/* Begin PBXBuildFile section */
		537DEBF51BBD52DF009CF021 /* AppDelegate.swift in Sources */ = {isa = PBXBuildFile; fileRef = 537DEBF41BBD52DF009CF021 /* AppDelegate.swift */; };
		537DEBF71BBD52DF009CF021 /* ViewController.swift in Sources */ = {isa = PBXBuildFile; fileRef = 537DEBF61BBD52DF009CF021 /* ViewController.swift */; };
		537DEBFA1BBD52DF009CF021 /* Main.storyboard in Resources */ = {isa = PBXBuildFile; fileRef = 537DEBF81BBD52DF009CF021 /* Main.storyboard */; };
		537DEBFC1BBD52DF009CF021 /* Assets.xcassets in Resources */ = {isa = PBXBuildFile; fileRef = 537DEBFB1BBD52DF009CF021 /* Assets.xcassets */; };
		537DEBFF1BBD52DF009CF021 /* LaunchScreen.storyboard in Resources */ = {isa = PBXBuildFile; fileRef = 537DEBFD1BBD52DF009CF021 /* LaunchScreen.storyboard */; };
/* End PBXBuildFile section */

/* Begin PBXFileReference section */
		537DEBF11BBD52DF009CF021 /* Zadanie1.app */ = {isa = PBXFileReference; explicitFileType = wrapper.application; includeInIndex = 0; path = Zadanie1.app; sourceTree = BUILT_PRODUCTS_DIR; };
		537DEBF41BBD52DF009CF021 /* AppDelegate.swift */ = {isa = PBXFileReference; lastKnownFileType = sourcecode.swift; path = AppDelegate.swift; sourceTree = "<group>"; };
		537DEBF61BBD52DF009CF021 /* ViewController.swift */ = {isa = PBXFileReference; lastKnownFileType = sourcecode.swift; path = ViewController.swift; sourceTree = "<group>"; };
		537DEBF91BBD52DF009CF021 /* Base */ = {isa = PBXFileReference; lastKnownFileType = file.storyboard; name = Base; path = Base.lproj/Main.storyboard; sourceTree = "<group>"; };
		537DEBFB1BBD52DF009CF021 /* Assets.xcassets */ = {isa = PBXFileReference; lastKnownFileType = folder.assetcatalog; path = Assets.xcassets; sourceTree = "<group>"; };
		537DEBFE1BBD52DF009CF021 /* Base */ = {isa = PBXFileReference; lastKnownFileType = file.storyboard; name = Base; path = Base.lproj/LaunchScreen.storyboard; sourceTree = "<group>"; };
		537DEC001BBD52DF009CF021 /* Info.plist */ = {isa = PBXFileReference; lastKnownFileType = text.plist.xml; path = Info.plist; sourceTree = "<group>"; };
/* End PBXFileReference section */

/* Begin PBXFrameworksBuildPhase section */
		537DEBEE1BBD52DF009CF021 /* Frameworks */ = {
			isa = PBXFrameworksBuildPhase;
			buildActionMask = 2147483647;
			files = (
			);
			runOnlyForDeploymentPostprocessing = 0;
		};
/* End PBXFrameworksBuildPhase section */

/* Begin PBXGroup section */
		537DEBE81BBD52DF009CF021 = {
			isa = PBXGroup;
			children = (
				537DEBF31BBD52DF009CF021 /* zadanie1 */,
				537DEBF21BBD52DF009CF021 /* Products */,
			);
			sourceTree = "<group>";
		};
		537DEBF21BBD52DF009CF021 /* Products */ = {
			isa = PBXGroup;
			children = (
				537DEBF11BBD52DF009CF021 /* Zadanie1.app */,
			);
			name = Products;
			sourceTree = "<group>";
		};
		537DEBF31BBD52DF009CF021 /* zadanie1 */ = {
			isa = PBXGroup;
			children = (
				537DEBF41BBD52DF009CF021 /* AppDelegate.swift */,
				537DEBF61BBD52DF009CF021 /* ViewController.swift */,
				537DEBF81BBD52DF009CF021 /* Main.storyboard */,
				537DEBFB1BBD52DF009CF021 /* Assets.xcassets */,
				537DEBFD1BBD52DF009CF021 /* LaunchScreen.storyboard */,
				537DEC001BBD52DF009CF021 /* Info.plist */,
			);
			name = zadanie1;
			path = Intro;
			sourceTree = "<group>";
		};
/* End PBXGroup section */

/* Begin PBXNativeTarget section */
		537DEBF01BBD52DF009CF021 /* Zadanie1 */ = {
			isa = PBXNativeTarget;
			buildConfigurationList = 537DEC031BBD52DF009CF021 /* Build configuration list for PBXNativeTarget "Zadanie1" */;
			buildPhases = (
				537DEBED1BBD52DF009CF021 /* Sources */,
				537DEBEE1BBD52DF009CF021 /* Frameworks */,
				537DEBEF1BBD52DF009CF021 /* Resources */,
			);
			buildRules = (
			);
			dependencies = (
			);
			name = Zadanie1;
			productName = Intro;
			productReference = 537DEBF11BBD52DF009CF021 /* Zadanie1.app */;
			productType = "com.apple.product-type.application";
		};
/* End PBXNativeTarget section */

/* Begin PBXProject section */
		537DEBE91BBD52DF009CF021 /* Project object */ = {
			isa = PBXProject;
			attributes = {
				LastUpgradeCheck = 0700;
				ORGANIZATIONNAME = "Adam Turna";
				TargetAttributes = {
					537DEBF01BBD52DF009CF021 = {
						CreatedOnToolsVersion = 7.0;
					};
				};
			};
			buildConfigurationList = 537DEBEC1BBD52DF009CF021 /* Build configuration list for PBXProject "Zadanie1" */;
			compatibilityVersion = "Xcode 3.2";
			developmentRegion = English;
			hasScannedForEncodings = 0;
			knownRegions = (
				en,
				Base,
			);
			mainGroup = 537DEBE81BBD52DF009CF021;
			productRefGroup = 537DEBF21BBD52DF009CF021 /* Products */;
			projectDirPath = "";
			projectRoot = "";
			targets = (
				537DEBF01BBD52DF009CF021 /* Zadanie1 */,
			);
		};
/* End PBXProject section */

/* Begin PBXResourcesBuildPhase section */
		537DEBEF1BBD52DF009CF021 /* Resources */ = {
			isa = PBXResourcesBuildPhase;
			buildActionMask = 2147483647;
			files = (
				537DEBFF1BBD52DF009CF021 /* LaunchScreen.storyboard in Resources */,
				537DEBFC1BBD52DF009CF021 /* Assets.xcassets in Resources */,
				537DEBFA1BBD52DF009CF021 /* Main.storyboard in Resources */,
			);
			runOnlyForDeploymentPostprocessing = 0;
		};
/* End PBXResourcesBuildPhase section */

/* Begin PBXSourcesBuildPhase section */
		537DEBED1BBD52DF009CF021 /* Sources */ = {
			isa = PBXSourcesBuildPhase;
			buildActionMask = 2147483647;
			files = (
				537DEBF71BBD52DF009CF021 /* ViewController.swift in Sources */,
				537DEBF51BBD52DF009CF021 /* AppDelegate.swift in Sources */,
			);
			runOnlyForDeploymentPostprocessing = 0;
		};
/* End PBXSourcesBuildPhase section */

/* Begin PBXVariantGroup section */
		537DEBF81BBD52DF009CF021 /* Main.storyboard */ = {
			isa = PBXVariantGroup;
			children = (
				537DEBF91BBD52DF009CF021 /* Base */,
			);
			name = Main.storyboard;
			sourceTree = "<group>";
		};
		537DEBFD1BBD52DF009CF021 /* LaunchScreen.storyboard */ = {
			isa = PBXVariantGroup;
			children = (
				537DEBFE1BBD52DF009CF021 /* Base */,
			);
			name = LaunchScreen.storyboard;
			sourceTree = "<group>";
		};
/* End PBXVariantGroup section */

/* Begin XCBuildConfiguration section */
		537DEC011BBD52DF009CF021 /* Debug */ = {
			isa = XCBuildConfiguration;
			buildSettings = {
				ALWAYS_SEARCH_USER_PATHS = NO;
				CLANG_CXX_LANGUAGE_STANDARD = "gnu++0x";
				CLANG_CXX_LIBRARY = "libc++";
				CLANG_ENABLE_MODULES = YES;
				CLANG_ENABLE_OBJC_ARC = YES;
				CLANG_WARN_BOOL_CONVERSION = YES;
				CLANG_WARN_CONSTANT_CONVERSION = YES;
				CLANG_WARN_DIRECT_OBJC_ISA_USAGE = YES_ERROR;
				CLANG_WARN_EMPTY_BODY = YES;
				CLANG_WARN_ENUM_CONVERSION = YES;
				CLANG_WARN_INT_CONVERSION = YES;
				CLANG_WARN_OBJC_ROOT_CLASS = YES_ERROR;
				CLANG_WARN_UNREACHABLE_CODE = YES;
				CLANG_WARN__DUPLICATE_METHOD_MATCH = YES;
				"CODE_SIGN_IDENTITY[sdk=iphoneos*]" = "iPhone Developer";
				COPY_PHASE_STRIP = NO;
				DEBUG_INFORMATION_FORMAT = dwarf;
				ENABLE_STRICT_OBJC_MSGSEND = YES;
				ENABLE_TESTABILITY = YES;
				GCC_C_LANGUAGE_STANDARD = gnu99;
				GCC_DYNAMIC_NO_PIC = NO;
				GCC_NO_COMMON_BLOCKS = YES;
				GCC_OPTIMIZATION_LEVEL = 0;
				GCC_PREPROCESSOR_DEFINITIONS = (
					"DEBUG=1",
					"$(inherited)",
				);
				GCC_WARN_64_TO_32_BIT_CONVERSION = YES;
				GCC_WARN_ABOUT_RETURN_TYPE = YES_ERROR;
				GCC_WARN_UNDECLARED_SELECTOR = YES;
				GCC_WARN_UNINITIALIZED_AUTOS = YES_AGGRESSIVE;
				GCC_WARN_UNUSED_FUNCTION = YES;
				GCC_WARN_UNUSED_VARIABLE = YES;
				IPHONEOS_DEPLOYMENT_TARGET = 9.0;
				MTL_ENABLE_DEBUG_INFO = YES;
				ONLY_ACTIVE_ARCH = YES;
				SDKROOT = iphoneos;
				SWIFT_OPTIMIZATION_LEVEL = "-Onone";
			};
			name = Debug;
		};
		537DEC021BBD52DF009CF021 /* Release */ = {
			isa = XCBuildConfiguration;
			buildSettings = {
				ALWAYS_SEARCH_USER_PATHS = NO;
				CLANG_CXX_LANGUAGE_STANDARD = "gnu++0x";
				CLANG_CXX_LIBRARY = "libc++";
				CLANG_ENABLE_MODULES = YES;
				CLANG_ENABLE_OBJC_ARC = YES;
				CLANG_WARN_BOOL_CONVERSION = YES;
				CLANG_WARN_CONSTANT_CONVERSION = YES;
				CLANG_WARN_DIRECT_OBJC_ISA_USAGE = YES_ERROR;
				CLANG_WARN_EMPTY_BODY = YES;
				CLANG_WARN_ENUM_CONVERSION = YES;
				CLANG_WARN_INT_CONVERSION = YES;
				CLANG_WARN_OBJC_ROOT_CLASS = YES_ERROR;
				CLANG_WARN_UNREACHABLE_CODE = YES;
				CLANG_WARN__DUPLICATE_METHOD_MATCH = YES;
				"CODE_SIGN_IDENTITY[sdk=iphoneos*]" = "iPhone Developer";
				COPY_PHASE_STRIP = NO;
				DEBUG_INFORMATION_FORMAT = "dwarf-with-dsym";
				ENABLE_NS_ASSERTIONS = NO;
				ENABLE_STRICT_OBJC_MSGSEND = YES;
				GCC_C_LANGUAGE_STANDARD = gnu99;
				GCC_NO_COMMON_BLOCKS = YES;
				GCC_WARN_64_TO_32_BIT_CONVERSION = YES;
				GCC_WARN_ABOUT_RETURN_TYPE = YES_ERROR;
				GCC_WARN_UNDECLARED_SELECTOR = YES;
				GCC_WARN_UNINITIALIZED_AUTOS = YES_AGGRESSIVE;
				GCC_WARN_UNUSED_FUNCTION = YES;
				GCC_WARN_UNUSED_VARIABLE = YES;
				IPHONEOS_DEPLOYMENT_TARGET = 9.0;
				MTL_ENABLE_DEBUG_INFO = NO;
				SDKROOT = iphoneos;
				VALIDATE_PRODUCT = YES;
			};
			name = Release;
		};
		537DEC041BBD52DF009CF021 /* Debug */ = {
			isa = XCBuildConfiguration;
			buildSettings = {
				ASSETCATALOG_COMPILER_APPICON_NAME = AppIcon;
				INFOPLIST_FILE = Intro/Info.plist;
				LD_RUNPATH_SEARCH_PATHS = "$(inherited) @executable_path/Frameworks";
				PRODUCT_BUNDLE_IDENTIFIER = com.AT.zadanie1;
				PRODUCT_NAME = Zadanie1;
			};
			name = Debug;
		};
		537DEC051BBD52DF009CF021 /* Release */ = {
			isa = XCBuildConfiguration;
			buildSettings = {
				ASSETCATALOG_COMPILER_APPICON_NAME = AppIcon;
				INFOPLIST_FILE = Intro/Info.plist;
				LD_RUNPATH_SEARCH_PATHS = "$(inherited) @executable_path/Frameworks";
				PRODUCT_BUNDLE_IDENTIFIER = com.AT.zadanie1;
				PRODUCT_NAME = Zadanie1;
			};
			name = Release;
		};
/* End XCBuildConfiguration section */

/* Begin XCConfigurationList section */
		537DEBEC1BBD52DF009CF021 /* Build configuration list for PBXProject "Zadanie1" */ = {
			isa = XCConfigurationList;
			buildConfigurations = (
				537DEC011BBD52DF009CF021 /* Debug */,
				537DEC021BBD52DF009CF021 /* Release */,
			);
			defaultConfigurationIsVisible = 0;
			defaultConfigurationName = Release;
		};
		537DEC031BBD52DF009CF021 /* Build configuration list for PBXNativeTarget "Zadanie1" */ = {
			isa = XCConfigurationList;
			buildConfigurations = (
				537DEC041BBD52DF009CF021 /* Debug */,
				537DEC051BBD52DF009CF021 /* Release */,
			);
			defaultConfigurationIsVisible = 0;
			defaultConfigurationName = Release;
		};
/* End XCConfigurationList section */
	};
	rootObject = 537DEBE91BBD52DF009CF021 /* Project object */;
}
