// !$*UTF8*$!
{
	archiveVersion = 1;
	classes = {
	};
	objectVersion = 46;
	objects = {

/* Begin PBXBuildFile section */
		536AB2331BCFC26400FA374B /* AppDelegate.swift in Sources */ = {isa = PBXBuildFile; fileRef = 536AB2321BCFC26400FA374B /* AppDelegate.swift */; };
		536AB23A1BCFC26400FA374B /* Assets.xcassets in Resources */ = {isa = PBXBuildFile; fileRef = 536AB2391BCFC26400FA374B /* Assets.xcassets */; };
		536AB23D1BCFC26400FA374B /* LaunchScreen.storyboard in Resources */ = {isa = PBXBuildFile; fileRef = 536AB23B1BCFC26400FA374B /* LaunchScreen.storyboard */; };
		536AB2461BCFC37300FA374B /* Main.storyboard in Resources */ = {isa = PBXBuildFile; fileRef = 536AB2441BCFC37300FA374B /* Main.storyboard */; settings = {ASSET_TAGS = (); }; };
		536AB24C1BCFC44900FA374B /* SignupViewController.swift in Sources */ = {isa = PBXBuildFile; fileRef = 536AB24B1BCFC44900FA374B /* SignupViewController.swift */; settings = {ASSET_TAGS = (); }; };
		536AB24E1BCFCE4300FA374B /* LoginViewController.swift in Sources */ = {isa = PBXBuildFile; fileRef = 536AB24D1BCFCE4300FA374B /* LoginViewController.swift */; settings = {ASSET_TAGS = (); }; };
/* End PBXBuildFile section */

/* Begin PBXFileReference section */
		536AB22F1BCFC26400FA374B /* cvicenie3.app */ = {isa = PBXFileReference; explicitFileType = wrapper.application; includeInIndex = 0; path = cvicenie3.app; sourceTree = BUILT_PRODUCTS_DIR; };
		536AB2321BCFC26400FA374B /* AppDelegate.swift */ = {isa = PBXFileReference; lastKnownFileType = sourcecode.swift; path = AppDelegate.swift; sourceTree = "<group>"; };
		536AB2391BCFC26400FA374B /* Assets.xcassets */ = {isa = PBXFileReference; lastKnownFileType = folder.assetcatalog; path = Assets.xcassets; sourceTree = "<group>"; };
		536AB23C1BCFC26400FA374B /* Base */ = {isa = PBXFileReference; lastKnownFileType = file.storyboard; name = Base; path = Base.lproj/LaunchScreen.storyboard; sourceTree = "<group>"; };
		536AB23E1BCFC26400FA374B /* Info.plist */ = {isa = PBXFileReference; lastKnownFileType = text.plist.xml; path = Info.plist; sourceTree = "<group>"; };
		536AB2451BCFC37300FA374B /* Base */ = {isa = PBXFileReference; lastKnownFileType = file.storyboard; name = Base; path = Base.lproj/Main.storyboard; sourceTree = "<group>"; };
		536AB24B1BCFC44900FA374B /* SignupViewController.swift */ = {isa = PBXFileReference; fileEncoding = 4; lastKnownFileType = sourcecode.swift; path = SignupViewController.swift; sourceTree = "<group>"; };
		536AB24D1BCFCE4300FA374B /* LoginViewController.swift */ = {isa = PBXFileReference; fileEncoding = 4; lastKnownFileType = sourcecode.swift; path = LoginViewController.swift; sourceTree = "<group>"; };
/* End PBXFileReference section */

/* Begin PBXFrameworksBuildPhase section */
		536AB22C1BCFC26400FA374B /* Frameworks */ = {
			isa = PBXFrameworksBuildPhase;
			buildActionMask = 2147483647;
			files = (
			);
			runOnlyForDeploymentPostprocessing = 0;
		};
/* End PBXFrameworksBuildPhase section */

/* Begin PBXGroup section */
		536AB2261BCFC26400FA374B = {
			isa = PBXGroup;
			children = (
				536AB2311BCFC26400FA374B /* cvicenie3 */,
				536AB2301BCFC26400FA374B /* Products */,
			);
			sourceTree = "<group>";
		};
		536AB2301BCFC26400FA374B /* Products */ = {
			isa = PBXGroup;
			children = (
				536AB22F1BCFC26400FA374B /* cvicenie3.app */,
			);
			name = Products;
			sourceTree = "<group>";
		};
		536AB2311BCFC26400FA374B /* cvicenie3 */ = {
			isa = PBXGroup;
			children = (
				536AB24B1BCFC44900FA374B /* SignupViewController.swift */,
				536AB2441BCFC37300FA374B /* Main.storyboard */,
				536AB24D1BCFCE4300FA374B /* LoginViewController.swift */,
				536AB2321BCFC26400FA374B /* AppDelegate.swift */,
				536AB2391BCFC26400FA374B /* Assets.xcassets */,
				536AB23B1BCFC26400FA374B /* LaunchScreen.storyboard */,
				536AB23E1BCFC26400FA374B /* Info.plist */,
			);
			path = cvicenie3;
			sourceTree = "<group>";
		};
/* End PBXGroup section */

/* Begin PBXNativeTarget section */
		536AB22E1BCFC26400FA374B /* cvicenie3 */ = {
			isa = PBXNativeTarget;
			buildConfigurationList = 536AB2411BCFC26400FA374B /* Build configuration list for PBXNativeTarget "cvicenie3" */;
			buildPhases = (
				536AB22B1BCFC26400FA374B /* Sources */,
				536AB22C1BCFC26400FA374B /* Frameworks */,
				536AB22D1BCFC26400FA374B /* Resources */,
			);
			buildRules = (
			);
			dependencies = (
			);
			name = cvicenie3;
			productName = cvicenie3;
			productReference = 536AB22F1BCFC26400FA374B /* cvicenie3.app */;
			productType = "com.apple.product-type.application";
		};
/* End PBXNativeTarget section */

/* Begin PBXProject section */
		536AB2271BCFC26400FA374B /* Project object */ = {
			isa = PBXProject;
			attributes = {
				LastUpgradeCheck = 0700;
				ORGANIZATIONNAME = "Adam Turna";
				TargetAttributes = {
					536AB22E1BCFC26400FA374B = {
						CreatedOnToolsVersion = 7.0;
					};
				};
			};
			buildConfigurationList = 536AB22A1BCFC26400FA374B /* Build configuration list for PBXProject "cvicenie3" */;
			compatibilityVersion = "Xcode 3.2";
			developmentRegion = English;
			hasScannedForEncodings = 0;
			knownRegions = (
				en,
				Base,
			);
			mainGroup = 536AB2261BCFC26400FA374B;
			productRefGroup = 536AB2301BCFC26400FA374B /* Products */;
			projectDirPath = "";
			projectRoot = "";
			targets = (
				536AB22E1BCFC26400FA374B /* cvicenie3 */,
			);
		};
/* End PBXProject section */

/* Begin PBXResourcesBuildPhase section */
		536AB22D1BCFC26400FA374B /* Resources */ = {
			isa = PBXResourcesBuildPhase;
			buildActionMask = 2147483647;
			files = (
				536AB2461BCFC37300FA374B /* Main.storyboard in Resources */,
				536AB23D1BCFC26400FA374B /* LaunchScreen.storyboard in Resources */,
				536AB23A1BCFC26400FA374B /* Assets.xcassets in Resources */,
			);
			runOnlyForDeploymentPostprocessing = 0;
		};
/* End PBXResourcesBuildPhase section */

/* Begin PBXSourcesBuildPhase section */
		536AB22B1BCFC26400FA374B /* Sources */ = {
			isa = PBXSourcesBuildPhase;
			buildActionMask = 2147483647;
			files = (
				536AB24E1BCFCE4300FA374B /* LoginViewController.swift in Sources */,
				536AB24C1BCFC44900FA374B /* SignupViewController.swift in Sources */,
				536AB2331BCFC26400FA374B /* AppDelegate.swift in Sources */,
			);
			runOnlyForDeploymentPostprocessing = 0;
		};
/* End PBXSourcesBuildPhase section */

/* Begin PBXVariantGroup section */
		536AB23B1BCFC26400FA374B /* LaunchScreen.storyboard */ = {
			isa = PBXVariantGroup;
			children = (
				536AB23C1BCFC26400FA374B /* Base */,
			);
			name = LaunchScreen.storyboard;
			sourceTree = "<group>";
		};
		536AB2441BCFC37300FA374B /* Main.storyboard */ = {
			isa = PBXVariantGroup;
			children = (
				536AB2451BCFC37300FA374B /* Base */,
			);
			name = Main.storyboard;
			sourceTree = "<group>";
		};
/* End PBXVariantGroup section */

/* Begin XCBuildConfiguration section */
		536AB23F1BCFC26400FA374B /* Debug */ = {
			isa = XCBuildConfiguration;
			buildSettings = {
				ALWAYS_SEARCH_USER_PATHS = NO;
				CLANG_CXX_LANGUAGE_STANDARD = "gnu++0x";
				CLANG_CXX_LIBRARY = "libc++";
				CLANG_ENABLE_MODULES = YES;
				CLANG_ENABLE_OBJC_ARC = YES;
				CLANG_WARN_BOOL_CONVERSION = YES;
				CLANG_WARN_CONSTANT_CONVERSION = YES;
				CLANG_WARN_DIRECT_OBJC_ISA_USAGE = YES_ERROR;
				CLANG_WARN_EMPTY_BODY = YES;
				CLANG_WARN_ENUM_CONVERSION = YES;
				CLANG_WARN_INT_CONVERSION = YES;
				CLANG_WARN_OBJC_ROOT_CLASS = YES_ERROR;
				CLANG_WARN_UNREACHABLE_CODE = YES;
				CLANG_WARN__DUPLICATE_METHOD_MATCH = YES;
				"CODE_SIGN_IDENTITY[sdk=iphoneos*]" = "iPhone Developer";
				COPY_PHASE_STRIP = NO;
				DEBUG_INFORMATION_FORMAT = dwarf;
				ENABLE_STRICT_OBJC_MSGSEND = YES;
				ENABLE_TESTABILITY = YES;
				GCC_C_LANGUAGE_STANDARD = gnu99;
				GCC_DYNAMIC_NO_PIC = NO;
				GCC_NO_COMMON_BLOCKS = YES;
				GCC_OPTIMIZATION_LEVEL = 0;
				GCC_PREPROCESSOR_DEFINITIONS = (
					"DEBUG=1",
					"$(inherited)",
				);
				GCC_WARN_64_TO_32_BIT_CONVERSION = YES;
				GCC_WARN_ABOUT_RETURN_TYPE = YES_ERROR;
				GCC_WARN_UNDECLARED_SELECTOR = YES;
				GCC_WARN_UNINITIALIZED_AUTOS = YES_AGGRESSIVE;
				GCC_WARN_UNUSED_FUNCTION = YES;
				GCC_WARN_UNUSED_VARIABLE = YES;
				IPHONEOS_DEPLOYMENT_TARGET = 9.0;
				MTL_ENABLE_DEBUG_INFO = YES;
				ONLY_ACTIVE_ARCH = YES;
				SDKROOT = iphoneos;
				SWIFT_OPTIMIZATION_LEVEL = "-Onone";
			};
			name = Debug;
		};
		536AB2401BCFC26400FA374B /* Release */ = {
			isa = XCBuildConfiguration;
			buildSettings = {
				ALWAYS_SEARCH_USER_PATHS = NO;
				CLANG_CXX_LANGUAGE_STANDARD = "gnu++0x";
				CLANG_CXX_LIBRARY = "libc++";
				CLANG_ENABLE_MODULES = YES;
				CLANG_ENABLE_OBJC_ARC = YES;
				CLANG_WARN_BOOL_CONVERSION = YES;
				CLANG_WARN_CONSTANT_CONVERSION = YES;
				CLANG_WARN_DIRECT_OBJC_ISA_USAGE = YES_ERROR;
				CLANG_WARN_EMPTY_BODY = YES;
				CLANG_WARN_ENUM_CONVERSION = YES;
				CLANG_WARN_INT_CONVERSION = YES;
				CLANG_WARN_OBJC_ROOT_CLASS = YES_ERROR;
				CLANG_WARN_UNREACHABLE_CODE = YES;
				CLANG_WARN__DUPLICATE_METHOD_MATCH = YES;
				"CODE_SIGN_IDENTITY[sdk=iphoneos*]" = "iPhone Developer";
				COPY_PHASE_STRIP = NO;
				DEBUG_INFORMATION_FORMAT = "dwarf-with-dsym";
				ENABLE_NS_ASSERTIONS = NO;
				ENABLE_STRICT_OBJC_MSGSEND = YES;
				GCC_C_LANGUAGE_STANDARD = gnu99;
				GCC_NO_COMMON_BLOCKS = YES;
				GCC_WARN_64_TO_32_BIT_CONVERSION = YES;
				GCC_WARN_ABOUT_RETURN_TYPE = YES_ERROR;
				GCC_WARN_UNDECLARED_SELECTOR = YES;
				GCC_WARN_UNINITIALIZED_AUTOS = YES_AGGRESSIVE;
				GCC_WARN_UNUSED_FUNCTION = YES;
				GCC_WARN_UNUSED_VARIABLE = YES;
				IPHONEOS_DEPLOYMENT_TARGET = 9.0;
				MTL_ENABLE_DEBUG_INFO = NO;
				SDKROOT = iphoneos;
				VALIDATE_PRODUCT = YES;
			};
			name = Release;
		};
		536AB2421BCFC26400FA374B /* Debug */ = {
			isa = XCBuildConfiguration;
			buildSettings = {
				ASSETCATALOG_COMPILER_APPICON_NAME = AppIcon;
				INFOPLIST_FILE = cvicenie3/Info.plist;
				LD_RUNPATH_SEARCH_PATHS = "$(inherited) @executable_path/Frameworks";
				PRODUCT_BUNDLE_IDENTIFIER = com.AT.cvicenie3;
				PRODUCT_NAME = "$(TARGET_NAME)";
			};
			name = Debug;
		};
		536AB2431BCFC26400FA374B /* Release */ = {
			isa = XCBuildConfiguration;
			buildSettings = {
				ASSETCATALOG_COMPILER_APPICON_NAME = AppIcon;
				INFOPLIST_FILE = cvicenie3/Info.plist;
				LD_RUNPATH_SEARCH_PATHS = "$(inherited) @executable_path/Frameworks";
				PRODUCT_BUNDLE_IDENTIFIER = com.AT.cvicenie3;
				PRODUCT_NAME = "$(TARGET_NAME)";
			};
			name = Release;
		};
/* End XCBuildConfiguration section */

/* Begin XCConfigurationList section */
		536AB22A1BCFC26400FA374B /* Build configuration list for PBXProject "cvicenie3" */ = {
			isa = XCConfigurationList;
			buildConfigurations = (
				536AB23F1BCFC26400FA374B /* Debug */,
				536AB2401BCFC26400FA374B /* Release */,
			);
			defaultConfigurationIsVisible = 0;
			defaultConfigurationName = Release;
		};
		536AB2411BCFC26400FA374B /* Build configuration list for PBXNativeTarget "cvicenie3" */ = {
			isa = XCConfigurationList;
			buildConfigurations = (
				536AB2421BCFC26400FA374B /* Debug */,
				536AB2431BCFC26400FA374B /* Release */,
			);
			defaultConfigurationIsVisible = 0;
		};
/* End XCConfigurationList section */
	};
	rootObject = 536AB2271BCFC26400FA374B /* Project object */;
}
